
Microsoft Visual Studio Solution File, Format Version 12.00
# Visual Studio Version 17
VisualStudioVersion = 17.8.34330.188
MinimumVisualStudioVersion = 10.0.40219.1
Project("{9A19103F-16F7-4668-BE54-9A1E7A4F7556}") = "BlazorECommerce.Server", "BlazorECommerce\Server\BlazorECommerce.Server.csproj", "{C0F46A9A-E610-4636-8DAE-50C3FC1E9CB3}"
EndProject
Project("{9A19103F-16F7-4668-BE54-9A1E7A4F7556}") = "BlazorECommerce.Client", "BlazorECommerce\Client\BlazorECommerce.Client.csproj", "{0E09DA2E-086A-4A79-9F86-BAA33051D737}"
EndProject
Project("{9A19103F-16F7-4668-BE54-9A1E7A4F7556}") = "BlazorECommerce.Shared", "BlazorECommerce\Shared\BlazorECommerce.Shared.csproj", "{4005B48D-1CDD-4C8B-A8D8-964D8D57FCAA}"
EndProject
Global
	GlobalSection(SolutionConfigurationPlatforms) = preSolution
		Debug|Any CPU = Debug|Any CPU
		Release|Any CPU = Release|Any CPU
	EndGlobalSection
	GlobalSection(ProjectConfigurationPlatforms) = postSolution
		{C0F46A9A-E610-4636-8DAE-50C3FC1E9CB3}.Debug|Any CPU.ActiveCfg = Debug|Any CPU
		{C0F46A9A-E610-4636-8DAE-50C3FC1E9CB3}.Debug|Any CPU.Build.0 = Debug|Any CPU
		{C0F46A9A-E610-4636-8DAE-50C3FC1E9CB3}.Release|Any CPU.ActiveCfg = Release|Any CPU
		{C0F46A9A-E610-4636-8DAE-50C3FC1E9CB3}.Release|Any CPU.Build.0 = Release|Any CPU
		{0E09DA2E-086A-4A79-9F86-BAA33051D737}.Debug|Any CPU.ActiveCfg = Debug|Any CPU
		{0E09DA2E-086A-4A79-9F86-BAA33051D737}.Debug|Any CPU.Build.0 = Debug|Any CPU
		{0E09DA2E-086A-4A79-9F86-BAA33051D737}.Release|Any CPU.ActiveCfg = Release|Any CPU
		{0E09DA2E-086A-4A79-9F86-BAA33051D737}.Release|Any CPU.Build.0 = Release|Any CPU
		{4005B48D-1CDD-4C8B-A8D8-964D8D57FCAA}.Debug|Any CPU.ActiveCfg = Debug|Any CPU
		{4005B48D-1CDD-4C8B-A8D8-964D8D57FCAA}.Debug|Any CPU.Build.0 = Debug|Any CPU
		{4005B48D-1CDD-4C8B-A8D8-964D8D57FCAA}.Release|Any CPU.ActiveCfg = Release|Any CPU
		{4005B48D-1CDD-4C8B-A8D8-964D8D57FCAA}.Release|Any CPU.Build.0 = Release|Any CPU
	EndGlobalSection
	GlobalSection(SolutionProperties) = preSolution
		HideSolutionNode = FALSE
	EndGlobalSection
	GlobalSection(ExtensibilityGlobals) = postSolution
		SolutionGuid = {AB71B821-2AC8-4B36-91DB-3054E9619DB6}
	EndGlobalSection
EndGlobal
